
Microsoft Visual Studio Solution File, Format Version 12.00
# Visual Studio 14
VisualStudioVersion = 14.0.25420.1
MinimumVisualStudioVersion = 10.0.40219.1
Project("{FAE04EC0-301F-11D3-BF4B-00C04F79EFBC}") = "AudiPoiDatabase", "AudiPoiDatabase\AudiPoiDatabase.csproj", "{CFD0425C-CBCC-45C5-9009-B5D025826FE2}"
EndProject
Project("{FAE04EC0-301F-11D3-BF4B-00C04F79EFBC}") = "Shared", "Shared\Shared.csproj", "{34069ED0-63D0-47F7-A1EC-F9B621508629}"
EndProject
Project("{FAE04EC0-301F-11D3-BF4B-00C04F79EFBC}") = "GeocacheToPoi", "GeocacheToPoi\GeocacheToPoi.csproj", "{A0BB16B4-79B3-4232-9D06-E56301394325}"
EndProject
Project("{FAE04EC0-301F-11D3-BF4B-00C04F79EFBC}") = "SpeedCameraToPoi", "SpeedCameraToPoi\SpeedCameraToPoi.csproj", "{F76D366B-0B0E-46CF-B58E-B8747D7DDD4D}"
EndProject
Project("{FAE04EC0-301F-11D3-BF4B-00C04F79EFBC}") = "PocketGpsWorld", "PocketGpsWorld\PocketGpsWorld.csproj", "{8317B549-6985-41EE-B06C-81F90E351960}"
EndProject
Project("{FAE04EC0-301F-11D3-BF4B-00C04F79EFBC}") = "Double", "Double\Double.csproj", "{8F11CFCB-CC10-4D73-A1B4-A193EA0DC3E8}"
EndProject
Project("{FAE04EC0-301F-11D3-BF4B-00C04F79EFBC}") = "Geocaching", "Geocaching\Geocaching.csproj", "{DBCA422B-F0C4-4AAD-A678-B89802A53BF9}"
EndProject
Global
	GlobalSection(SolutionConfigurationPlatforms) = preSolution
		Debug|Any CPU = Debug|Any CPU
		Release|Any CPU = Release|Any CPU
	EndGlobalSection
	GlobalSection(ProjectConfigurationPlatforms) = postSolution
		{CFD0425C-CBCC-45C5-9009-B5D025826FE2}.Debug|Any CPU.ActiveCfg = Debug|Any CPU
		{CFD0425C-CBCC-45C5-9009-B5D025826FE2}.Debug|Any CPU.Build.0 = Debug|Any CPU
		{CFD0425C-CBCC-45C5-9009-B5D025826FE2}.Release|Any CPU.ActiveCfg = Release|Any CPU
		{CFD0425C-CBCC-45C5-9009-B5D025826FE2}.Release|Any CPU.Build.0 = Release|Any CPU
		{34069ED0-63D0-47F7-A1EC-F9B621508629}.Debug|Any CPU.ActiveCfg = Debug|Any CPU
		{34069ED0-63D0-47F7-A1EC-F9B621508629}.Debug|Any CPU.Build.0 = Debug|Any CPU
		{34069ED0-63D0-47F7-A1EC-F9B621508629}.Release|Any CPU.ActiveCfg = Release|Any CPU
		{34069ED0-63D0-47F7-A1EC-F9B621508629}.Release|Any CPU.Build.0 = Release|Any CPU
		{A0BB16B4-79B3-4232-9D06-E56301394325}.Debug|Any CPU.ActiveCfg = Debug|Any CPU
		{A0BB16B4-79B3-4232-9D06-E56301394325}.Debug|Any CPU.Build.0 = Debug|Any CPU
		{A0BB16B4-79B3-4232-9D06-E56301394325}.Release|Any CPU.ActiveCfg = Release|Any CPU
		{A0BB16B4-79B3-4232-9D06-E56301394325}.Release|Any CPU.Build.0 = Release|Any CPU
		{F76D366B-0B0E-46CF-B58E-B8747D7DDD4D}.Debug|Any CPU.ActiveCfg = Debug|Any CPU
		{F76D366B-0B0E-46CF-B58E-B8747D7DDD4D}.Debug|Any CPU.Build.0 = Debug|Any CPU
		{F76D366B-0B0E-46CF-B58E-B8747D7DDD4D}.Release|Any CPU.ActiveCfg = Release|Any CPU
		{F76D366B-0B0E-46CF-B58E-B8747D7DDD4D}.Release|Any CPU.Build.0 = Release|Any CPU
		{8317B549-6985-41EE-B06C-81F90E351960}.Debug|Any CPU.ActiveCfg = Debug|Any CPU
		{8317B549-6985-41EE-B06C-81F90E351960}.Debug|Any CPU.Build.0 = Debug|Any CPU
		{8317B549-6985-41EE-B06C-81F90E351960}.Release|Any CPU.ActiveCfg = Release|Any CPU
		{8317B549-6985-41EE-B06C-81F90E351960}.Release|Any CPU.Build.0 = Release|Any CPU
		{8F11CFCB-CC10-4D73-A1B4-A193EA0DC3E8}.Debug|Any CPU.ActiveCfg = Debug|Any CPU
		{8F11CFCB-CC10-4D73-A1B4-A193EA0DC3E8}.Debug|Any CPU.Build.0 = Debug|Any CPU
		{8F11CFCB-CC10-4D73-A1B4-A193EA0DC3E8}.Release|Any CPU.ActiveCfg = Release|Any CPU
		{8F11CFCB-CC10-4D73-A1B4-A193EA0DC3E8}.Release|Any CPU.Build.0 = Release|Any CPU
		{DBCA422B-F0C4-4AAD-A678-B89802A53BF9}.Debug|Any CPU.ActiveCfg = Debug|Any CPU
		{DBCA422B-F0C4-4AAD-A678-B89802A53BF9}.Debug|Any CPU.Build.0 = Debug|Any CPU
		{DBCA422B-F0C4-4AAD-A678-B89802A53BF9}.Release|Any CPU.ActiveCfg = Release|Any CPU
		{DBCA422B-F0C4-4AAD-A678-B89802A53BF9}.Release|Any CPU.Build.0 = Release|Any CPU
	EndGlobalSection
	GlobalSection(SolutionProperties) = preSolution
		HideSolutionNode = FALSE
	EndGlobalSection
EndGlobal
