
Microsoft Visual Studio Solution File, Format Version 12.00
# Visual Studio 14
VisualStudioVersion = 14.0.23107.0
MinimumVisualStudioVersion = 10.0.40219.1
Project("{FAE04EC0-301F-11D3-BF4B-00C04F79EFBC}") = "AudiPoiDatabase", "AudiPoiDatabase.csproj", "{CFD0425C-CBCC-45C5-9009-B5D025826FE2}"
EndProject
Project("{FAE04EC0-301F-11D3-BF4B-00C04F79EFBC}") = "Shared", "..\Shared\Shared.csproj", "{34069ED0-63D0-47F7-A1EC-F9B621508629}"
EndProject
Global
	GlobalSection(SolutionConfigurationPlatforms) = preSolution
		Debug|Any CPU = Debug|Any CPU
		Release|Any CPU = Release|Any CPU
	EndGlobalSection
	GlobalSection(ProjectConfigurationPlatforms) = postSolution
		{CFD0425C-CBCC-45C5-9009-B5D025826FE2}.Debug|Any CPU.ActiveCfg = Debug|Any CPU
		{CFD0425C-CBCC-45C5-9009-B5D025826FE2}.Debug|Any CPU.Build.0 = Debug|Any CPU
		{CFD0425C-CBCC-45C5-9009-B5D025826FE2}.Release|Any CPU.ActiveCfg = Release|Any CPU
		{CFD0425C-CBCC-45C5-9009-B5D025826FE2}.Release|Any CPU.Build.0 = Release|Any CPU
		{34069ED0-63D0-47F7-A1EC-F9B621508629}.Debug|Any CPU.ActiveCfg = Debug|Any CPU
		{34069ED0-63D0-47F7-A1EC-F9B621508629}.Debug|Any CPU.Build.0 = Debug|Any CPU
		{34069ED0-63D0-47F7-A1EC-F9B621508629}.Release|Any CPU.ActiveCfg = Release|Any CPU
		{34069ED0-63D0-47F7-A1EC-F9B621508629}.Release|Any CPU.Build.0 = Release|Any CPU
	EndGlobalSection
	GlobalSection(SolutionProperties) = preSolution
		HideSolutionNode = FALSE
	EndGlobalSection
EndGlobal
